%{
  "accept": {:hex, :accept, "0.3.3", "548ebb6fb2e8b0d170e75bb6123aea6ceecb0189bb1231eeadf52eac08384a97", [:rebar3], [], "hexpm"},
  "bamboo": {:hex, :bamboo, "0.8.0", "573889a3efcb906bb9d25a1c4caa4ca22f479235e1b8cc3260d8b88dabeb4b14", [:mix], [{:hackney, "~> 1.6", [hex: :hackney, repo: "hexpm", optional: false]}, {:plug, "~> 1.0", [hex: :plug, repo: "hexpm", optional: false]}, {:poison, ">= 1.5.0", [hex: :poison, repo: "hexpm", optional: false]}], "hexpm", "855f00da717b91853d549c8c84b411785aec30c0ef31f45bccd723f4fbbdb6b5"},
  "bamboo_smtp": {:hex, :bamboo_smtp, "1.4.0", "a01d91406f3a46b3452c84d345d50f75d6facca5e06337358287a97da0426240", [:mix], [{:bamboo, "~> 0.8.0", [hex: :bamboo, repo: "hexpm", optional: false]}, {:gen_smtp, "~> 0.12.0", [hex: :gen_smtp, repo: "hexpm", optional: false]}], "hexpm", "4d150065f213228a3a02618a302a8836a4063b84108f84f15f9c88755aaee677"},
  "bolt_sips": {:hex, :bolt_sips, "0.3.2", "ffe56176b53bc087286fc67ae26ad65fad7ae7dd1cfd91cf86edc6f1b7bb95e0", [:mix], [{:boltex, "~> 0.3", [hex: :boltex, repo: "hexpm", optional: false]}, {:con_cache, "~> 0.12.0", [hex: :con_cache, repo: "hexpm", optional: false]}, {:fuzzyurl, "~> 0.9.0", [hex: :fuzzyurl, repo: "hexpm", optional: false]}, {:poolboy, "~> 1.5.1", [hex: :poolboy, repo: "hexpm", optional: false]}, {:retry, "~> 0.6.1", [hex: :retry, repo: "hexpm", optional: false]}], "hexpm", "5cf47d9424d679b11f779db216f7b009b88fc0076dd0525fb8ee6f60b9125ec1"},
  "boltex": {:hex, :boltex, "0.3.0", "9d08a310cb0e3c97938ead88bbfc3f3be8fad9a47036b8117ce76ac32a4045d2", [:hex], [], "hexpm", "a87557072bac4dbcadbd11653a495513fa184eb79f231599961e016246943336"},
  "bunt": {:hex, :bunt, "0.2.0", "951c6e801e8b1d2cbe58ebbd3e616a869061ddadcc4863d0a2182541acae9a38", [:mix], [], "hexpm", "7af5c7e09fe1d40f76c8e4f9dd2be7cebd83909f31fee7cd0e9eadc567da8353"},
  "certifi": {:hex, :certifi, "2.12.0", "2d1cca2ec95f59643862af91f001478c9863c2ac9cb6e2f89780bfd8de987329", [:rebar3], [], "hexpm", "ee68d85df22e554040cdb4be100f33873ac6051387baf6a8f6ce82272340ff1c"},
  "con_cache": {:hex, :con_cache, "0.12.0", "2d961aec219aa5a914473873f348f5a6088292dc69d5192a9d25f8a1e13e9905", [:mix], [{:exactor, "~> 2.2.0", [hex: :exactor, repo: "hexpm", optional: false]}], "hexpm", "6a9b326a00164b9809d5c44b636f76ec2734212c04889cc1b747f2bc43c0cc78"},
  "connection": {:hex, :connection, "1.0.4", "a1cae72211f0eef17705aaededacac3eb30e6625b04a6117c1b2db6ace7d5976", [:mix], [], "hexpm", "4a0850c9be22a43af9920a71ab17c051f5f7d45c209e40269a1938832510e4d9"},
  "cowboy": {:hex, :cowboy, "1.1.2", "61ac29ea970389a88eca5a65601460162d370a70018afe6f949a29dca91f3bb0", [:rebar3], [{:cowlib, "~> 1.0.2", [hex: :cowlib, repo: "hexpm", optional: false]}, {:ranch, "~> 1.3.2", [hex: :ranch, repo: "hexpm", optional: false]}], "hexpm", "f4763bbe08233eceed6f24bc4fcc8d71c17cfeafa6439157c57349aa1bb4f17c"},
  "cowlib": {:hex, :cowlib, "1.0.2", "9d769a1d062c9c3ac753096f868ca121e2730b9a377de23dec0f7e08b1df84ee", [:make], [], "hexpm", "db622da03aa039e6366ab953e31186cc8190d32905e33788a1acb22744e6abd2"},
  "credo": {:hex, :credo, "0.8.4", "4e50acac058cf6292d6066e5b0d03da5e1483702e1ccde39abba385c9f03ead4", [:mix], [{:bunt, "~> 0.2.0", [hex: :bunt, repo: "hexpm", optional: false]}], "hexpm", "c1195d3a7923df9ec72cb1fa991f88cf8c9c067d8bae05cfd700b24d8d18b343"},
  "db_connection": {:hex, :db_connection, "1.1.3", "89b30ca1ef0a3b469b1c779579590688561d586694a3ce8792985d4d7e575a61", [:mix], [{:connection, "~> 1.0.2", [hex: :connection, repo: "hexpm", optional: false]}, {:poolboy, "~> 1.5", [hex: :poolboy, repo: "hexpm", optional: true]}, {:sbroker, "~> 1.0", [hex: :sbroker, repo: "hexpm", optional: true]}], "hexpm", "5f0a16a58312a610d5eb0b07506280c65f5137868ad479045f2a2dc4ced80550"},
  "decimal": {:hex, :decimal, "1.9.0", "83e8daf59631d632b171faabafb4a9f4242c514b0a06ba3df493951c08f64d07", [:mix], [], "hexpm", "b1f2343568eed6928f3e751cf2dffde95bfaa19dd95d09e8a9ea92ccfd6f7d85"},
  "dialyxir": {:hex, :dialyxir, "0.5.0", "5bc543f9c28ecd51b99cc1a685a3c2a1a93216990347f259406a910cf048d1d7", [:mix], [], "hexpm", "7c5c6c1eceb93e26a06c36148cb6f8021ae6f4f9a07bb1ae95f588e0a01ea8e1"},
  "ecto": {:hex, :ecto, "2.1.4", "d1ba932813ec0e0d9db481ef2c17777f1cefb11fc90fa7c142ff354972dfba7e", [:mix], [{:db_connection, "~> 1.1", [hex: :db_connection, repo: "hexpm", optional: true]}, {:decimal, "~> 1.2", [hex: :decimal, repo: "hexpm", optional: false]}, {:mariaex, "~> 0.8.0", [hex: :mariaex, repo: "hexpm", optional: true]}, {:poison, "~> 2.2 or ~> 3.0", [hex: :poison, repo: "hexpm", optional: true]}, {:poolboy, "~> 1.5", [hex: :poolboy, repo: "hexpm", optional: false]}, {:postgrex, "~> 0.13.0", [hex: :postgrex, repo: "hexpm", optional: true]}, {:sbroker, "~> 1.0", [hex: :sbroker, repo: "hexpm", optional: true]}], "hexpm", "49bc281e1bce99973ee90917c4b994f994323d99d74374532003c0579a38d945"},
  "exactor": {:hex, :exactor, "2.2.3", "a6972f43bb6160afeb73e1d8ab45ba604cd0ac8b5244c557093f6e92ce582786", [:mix], [], "hexpm", "2c49a3b991bcacf1bcd20708cfce6380a12a0bdbf9b64dcd72a04bfde30754f9"},
  "fs": {:hex, :fs, "0.9.2", "ed17036c26c3f70ac49781ed9220a50c36775c6ca2cf8182d123b6566e49ec59", [:rebar], [], "hexpm", "9a00246e8af58cdf465ae7c48fd6fd7ba2e43300413dfcc25447ecd3bf76f0c1"},
  "fuzzyurl": {:hex, :fuzzyurl, "0.9.0", "fecc085f4abec75688d883f0af1ed506d09dcabe5727cb9e6819b28ead0410b7", [:mix], [], "hexpm", "70fde01a051085188a97789037fc83cfb887604b6da7757cd7856db2cdefa5ee"},
  "gen_smtp": {:hex, :gen_smtp, "0.12.0", "97d44903f5ca18ca85cb39aee7d9c77e98d79804bbdef56078adcf905cb2ef00", [:rebar3], [], "hexpm", "7b4d2e5338f98518414bae6b85d2be51d6715c6f2695c7967567af5426bf00e5"},
  "gettext": {:hex, :gettext, "0.13.1", "5e0daf4e7636d771c4c71ad5f3f53ba09a9ae5c250e1ab9c42ba9edccc476263", [:mix], [], "hexpm", "b233b4ab0d349a359b52592d2d591fc6e4b20fdbe0b15a624cc15a3ca509a1cc"},
  "hackney": {:hex, :hackney, "1.20.1", "8d97aec62ddddd757d128bfd1df6c5861093419f8f7a4223823537bad5d064e2", [:rebar3], [{:certifi, "~> 2.12.0", [hex: :certifi, repo: "hexpm", optional: false]}, {:idna, "~> 6.1.0", [hex: :idna, repo: "hexpm", optional: false]}, {:metrics, "~> 1.0.0", [hex: :metrics, repo: "hexpm", optional: false]}, {:mimerl, "~> 1.1", [hex: :mimerl, repo: "hexpm", optional: false]}, {:parse_trans, "3.4.1", [hex: :parse_trans, repo: "hexpm", optional: false]}, {:ssl_verify_fun, "~> 1.1.0", [hex: :ssl_verify_fun, repo: "hexpm", optional: false]}, {:unicode_util_compat, "~> 0.7.0", [hex: :unicode_util_compat, repo: "hexpm", optional: false]}], "hexpm", "fe9094e5f1a2a2c0a7d10918fee36bfec0ec2a979994cff8cfe8058cd9af38e3"},
  "httpoison": {:hex, :httpoison, "0.12.0", "8fc3d791c5afe6beb0093680c667dd4ce712a49d89c38c3fe1a43100dd76cf90", [:mix], [{:hackney, "~> 1.8.0", [hex: :hackney, repo: "hexpm", optional: false]}], "hexpm"},
  "httpotion": {:hex, :httpotion, "3.0.2", "525b9bfeb592c914a61a8ee31fdde3871e1861dfe805f8ee5f711f9f11a93483", [:mix], [{:ibrowse, "~> 4.2", [hex: :ibrowse, repo: "hexpm", optional: false]}], "hexpm", "aab8afaeab8f9f3496abbd2d210b66d32f68c30d8500747f9bfcdbd71f2299af"},
  "ibrowse": {:hex, :ibrowse, "4.4.0", "2d923325efe0d2cb09b9c6a047b2835a5eda69d8a47ed6ff8bc03628b764e991", [:rebar3], [], "hexpm", "6a8e5988872086f0506bef68311493551ac5beae7c06ba2a00d5e9f97a60f1c2"},
  "idna": {:hex, :idna, "6.1.1", "8a63070e9f7d0c62eb9d9fcb360a7de382448200fbbd1b106cc96d3d8099df8d", [:rebar3], [{:unicode_util_compat, "~> 0.7.0", [hex: :unicode_util_compat, repo: "hexpm", optional: false]}], "hexpm", "92376eb7894412ed19ac475e4a86f7b413c1b9fbb5bd16dccd57934157944cea"},
  "logster": {:hex, :logster, "0.6.0", "92e143f661b513951bafdb4330bb3a8f3a95deb9dbbb90fcd7a85bd667f5f825", [:mix], [{:plug, "~> 1.0", [hex: :plug, repo: "hexpm", optional: false]}, {:poison, "~> 1.5 or ~> 2.0 or ~> 3.0", [hex: :poison, repo: "hexpm", optional: false]}], "hexpm", "b4f1c316c04cd0ff437343408402b20a7a56f6beffc829d8b22389a941537e97"},
  "metrics": {:hex, :metrics, "1.0.1", "25f094dea2cda98213cecc3aeff09e940299d950904393b2a29d191c346a8486", [:rebar3], [], "hexpm", "69b09adddc4f74a40716ae54d140f93beb0fb8978d8636eaded0c31b6f099f16"},
  "mime": {:hex, :mime, "1.2.0", "78adaa84832b3680de06f88f0997e3ead3b451a440d183d688085be2d709b534", [:mix], [], "hexpm", "b24d1d704209b760aeac161255c8031c5160de1a5cb7dd28bb84ef5bda2ba29e"},
  "mimerl": {:hex, :mimerl, "1.2.0", "67e2d3f571088d5cfd3e550c383094b47159f3eee8ffa08e64106cdf5e981be3", [:rebar3], [], "hexpm", "f278585650aa581986264638ebf698f8bb19df297f66ad91b18910dfc6e19323"},
  "oauth2": {:hex, :oauth2, "0.9.4", "632e8e8826a45e33ac2ea5ac66dcc019ba6bb5a0d2ba77e342d33e3b7b252c6e", [:mix], [{:hackney, "~> 1.7", [hex: :hackney, repo: "hexpm", optional: false]}], "hexpm", "407c6b9f60aa0d01b915e2347dc6be78adca706a37f0c530808942da3b62e7af"},
  "parse_trans": {:hex, :parse_trans, "3.4.1", "6e6aa8167cb44cc8f39441d05193be6e6f4e7c2946cb2759f015f8c56b76e5ff", [:rebar3], [], "hexpm", "620a406ce75dada827b82e453c19cf06776be266f5a67cff34e1ef2cbb60e49a"},
  "phoenix": {:hex, :phoenix, "1.3.2", "2a00d751f51670ea6bc3f2ba4e6eb27ecb8a2c71e7978d9cd3e5de5ccf7378bd", [:mix], [{:cowboy, "~> 1.0", [hex: :cowboy, repo: "hexpm", optional: true]}, {:phoenix_pubsub, "~> 1.0", [hex: :phoenix_pubsub, repo: "hexpm", optional: false]}, {:plug, "~> 1.3.3 or ~> 1.4", [hex: :plug, repo: "hexpm", optional: false]}, {:poison, "~> 2.2 or ~> 3.0", [hex: :poison, repo: "hexpm", optional: false]}], "hexpm", "fc436e0d105b4e32f234b99fb68f99f0e17a394f729d7c109b14efaf4578dbb6"},
  "phoenix_ecto": {:hex, :phoenix_ecto, "3.2.3", "450c749876ff1de4a78fdb305a142a76817c77a1cd79aeca29e5fc9a6c630b26", [:mix], [{:ecto, "~> 2.1", [hex: :ecto, repo: "hexpm", optional: false]}, {:phoenix_html, "~> 2.9", [hex: :phoenix_html, repo: "hexpm", optional: true]}, {:plug, "~> 1.0", [hex: :plug, repo: "hexpm", optional: false]}], "hexpm", "b91cd102fe384c62587916c6c76ae566b7f547148ac01a2f586ea74230855356"},
  "phoenix_html": {:hex, :phoenix_html, "2.11.2", "86ebd768258ba60a27f5578bec83095bdb93485d646fc4111db8844c316602d6", [:mix], [{:plug, "~> 1.5", [hex: :plug, repo: "hexpm", optional: false]}], "hexpm", "2fe8543036a9cb2103efe26c18874512dc0e005afba60dbfe90aa56e27c198a2"},
  "phoenix_live_reload": {:hex, :phoenix_live_reload, "1.0.8", "4333f9c74190f485a74866beff2f9304f069d53f047f5fbb0fb8d1ee4c495f73", [:mix], [{:fs, "~> 0.9.1", [hex: :fs, repo: "hexpm", optional: false]}, {:phoenix, "~> 1.0 or ~> 1.2-rc", [hex: :phoenix, repo: "hexpm", optional: false]}], "hexpm", "af4d9faeb655ef933cf66fd4d83f8bb0146ab0da30c81cfbdc2152825970fa76"},
  "phoenix_pubsub": {:hex, :phoenix_pubsub, "1.0.2", "bfa7fd52788b5eaa09cb51ff9fcad1d9edfeb68251add458523f839392f034c1", [:mix], [], "hexpm", "6f9193364c5de86b85e8d3a80294a134aecf6c5618adcbae668608749e00a7f7"},
  "plug": {:hex, :plug, "1.5.0", "224b25b4039bedc1eac149fb52ed456770b9678bbf0349cdd810460e1e09195b", [:mix], [{:cowboy, "~> 1.0.1 or ~> 1.1 or ~> 2.1", [hex: :cowboy, repo: "hexpm", optional: true]}, {:mime, "~> 1.0", [hex: :mime, repo: "hexpm", optional: false]}], "hexpm", "cd9cd75c9c638c7e3ac9bfb0501d746fcfcf76cdb2d7b181ce93d4a02e52fcf2"},
  "poison": {:hex, :poison, "3.1.0", "d9eb636610e096f86f25d9a46f35a9facac35609a7591b3be3326e99a0484665", [:mix], [], "hexpm", "fec8660eb7733ee4117b85f55799fd3833eb769a6df71ccf8903e8dc5447cfce"},
  "poolboy": {:hex, :poolboy, "1.5.2", "392b007a1693a64540cead79830443abf5762f5d30cf50bc95cb2c1aaafa006b", [:rebar3], [], "hexpm", "dad79704ce5440f3d5a3681c8590b9dc25d1a561e8f5a9c995281012860901e3"},
  "postgrex": {:hex, :postgrex, "0.13.5", "3d931aba29363e1443da167a4b12f06dcd171103c424de15e5f3fc2ba3e6d9c5", [:mix], [{:connection, "~> 1.0", [hex: :connection, repo: "hexpm", optional: false]}, {:db_connection, "~> 1.1", [hex: :db_connection, repo: "hexpm", optional: false]}, {:decimal, "~> 1.0", [hex: :decimal, repo: "hexpm", optional: false]}], "hexpm", "a19b61193379cdee04b5b2361bf93d1eb170cd2eec0b18042617b07e1e15fbfb"},
  "ranch": {:hex, :ranch, "1.3.2", "e4965a144dc9fbe70e5c077c65e73c57165416a901bd02ea899cfd95aa890986", [:rebar3], [], "hexpm", "6e56493a862433fccc3aca3025c946d6720d8eedf6e3e6fb911952a7071c357f"},
  "redix": {:hex, :redix, "0.6.1", "20986b0e02f02b13e6f53c79a1ae70aa83147488c408f40275ec261f5bb0a6d0", [:mix], [{:connection, "~> 1.0", [hex: :connection, repo: "hexpm", optional: false]}], "hexpm", "aa171cc3827c69948269a37449e728cc5b803f6c9f86dcb3bff5a8a7b2274cef"},
  "retry": {:hex, :retry, "0.6.1", "d7ecd0ff053a0ccbb0a805d08f15ac3fd47c062447f622265ca9187df8599a29", [:mix], [], "hexpm", "77450920fafa2f6244f3cf103f8b4d0e15972c477750b1db40d8dd9443769bdb"},
  "shorter_maps": {:hex, :shorter_maps, "2.2.1", "65298ed203be953a6d14755aab5c9f7e365e81104315a6799f9911e93cb99364", [:mix], [], "hexpm", "a77a0c5c3985ea8ce7f07fdaba877e93cb73fee99dcb910bf2789daef6931201"},
  "ssl_verify_fun": {:hex, :ssl_verify_fun, "1.1.7", "354c321cf377240c7b8716899e182ce4890c5938111a1296add3ec74cf1715df", [:make, :mix, :rebar3], [], "hexpm", "fe4c190e8f37401d30167c8c405eda19469f34577987c76dde613e838bbc67f8"},
  "unicode_util_compat": {:hex, :unicode_util_compat, "0.7.0", "bc84380c9ab48177092f43ac89e4dfa2c6d62b40b8bd132b1059ecc7232f9a78", [:rebar3], [], "hexpm", "25eee6d67df61960cf6a794239566599b09e17e668d3700247bc498638152521"},
  "uuid": {:hex, :uuid, "1.1.7", "007afd58273bc0bc7f849c3bdc763e2f8124e83b957e515368c498b641f7ab69", [:mix], [], "hexpm", "5c4eba9164d3567732280e6bc4edb115a82d5809c33f862098938b608a82caff"},
}
